
Microsoft Visual Studio Solution File, Format Version 12.00
# Visual Studio Version 16
VisualStudioVersion = 16.0.30204.135
MinimumVisualStudioVersion = 10.0.40219.1
Project("{FAE04EC0-301F-11D3-BF4B-00C04F79EFBC}") = "DogsWithInterfaces", "DogsWithInterfaces\DogsWithInterfaces.csproj", "{E60533F8-834F-4CDD-A2F7-04CDC9C26838}"
EndProject
Global
	GlobalSection(SolutionConfigurationPlatforms) = preSolution
		Debug|Any CPU = Debug|Any CPU
		Release|Any CPU = Release|Any CPU
	EndGlobalSection
	GlobalSection(ProjectConfigurationPlatforms) = postSolution
		{E60533F8-834F-4CDD-A2F7-04CDC9C26838}.Debug|Any CPU.ActiveCfg = Debug|Any CPU
		{E60533F8-834F-4CDD-A2F7-04CDC9C26838}.Debug|Any CPU.Build.0 = Debug|Any CPU
		{E60533F8-834F-4CDD-A2F7-04CDC9C26838}.Release|Any CPU.ActiveCfg = Release|Any CPU
		{E60533F8-834F-4CDD-A2F7-04CDC9C26838}.Release|Any CPU.Build.0 = Release|Any CPU
	EndGlobalSection
	GlobalSection(SolutionProperties) = preSolution
		HideSolutionNode = FALSE
	EndGlobalSection
	GlobalSection(ExtensibilityGlobals) = postSolution
		SolutionGuid = {A3F056F1-8A0F-40F1-BFA8-D5C90309A141}
	EndGlobalSection
EndGlobal
